
Microsoft Visual Studio Solution File, Format Version 12.00
# Visual Studio Version 17
VisualStudioVersion = 17.8.34511.84
MinimumVisualStudioVersion = 10.0.40219.1
Project("{FAE04EC0-301F-11D3-BF4B-00C04F79EFBC}") = "HREnterprise", "HREnterprise\HREnterprise.csproj", "{B99B14C6-08F6-4B17-AE38-5208876C9AFC}"
EndProject
Global
	GlobalSection(SolutionConfigurationPlatforms) = preSolution
		Debug|Any CPU = Debug|Any CPU
		Release|Any CPU = Release|Any CPU
	EndGlobalSection
	GlobalSection(ProjectConfigurationPlatforms) = postSolution
		{B99B14C6-08F6-4B17-AE38-5208876C9AFC}.Debug|Any CPU.ActiveCfg = Debug|Any CPU
		{B99B14C6-08F6-4B17-AE38-5208876C9AFC}.Debug|Any CPU.Build.0 = Debug|Any CPU
		{B99B14C6-08F6-4B17-AE38-5208876C9AFC}.Release|Any CPU.ActiveCfg = Release|Any CPU
		{B99B14C6-08F6-4B17-AE38-5208876C9AFC}.Release|Any CPU.Build.0 = Release|Any CPU
	EndGlobalSection
	GlobalSection(SolutionProperties) = preSolution
		HideSolutionNode = FALSE
	EndGlobalSection
	GlobalSection(ExtensibilityGlobals) = postSolution
		SolutionGuid = {873958D8-B1B5-4905-8DB4-3C7B1B928BBE}
	EndGlobalSection
EndGlobal
